
Microsoft Visual Studio Solution File, Format Version 12.00
# Visual Studio Version 16
VisualStudioVersion = 16.0.29418.71
MinimumVisualStudioVersion = 10.0.40219.1
Project("{FAE04EC0-301F-11D3-BF4B-00C04F79EFBC}") = "TestAspCore3API", "TestAspCore3API\TestAspCore3API.csproj", "{ACFDE255-F5DE-4958-938B-7533CE73CB55}"
EndProject
Global
	GlobalSection(SolutionConfigurationPlatforms) = preSolution
		Debug|Any CPU = Debug|Any CPU
		Release|Any CPU = Release|Any CPU
	EndGlobalSection
	GlobalSection(ProjectConfigurationPlatforms) = postSolution
		{ACFDE255-F5DE-4958-938B-7533CE73CB55}.Debug|Any CPU.ActiveCfg = Debug|Any CPU
		{ACFDE255-F5DE-4958-938B-7533CE73CB55}.Debug|Any CPU.Build.0 = Debug|Any CPU
		{ACFDE255-F5DE-4958-938B-7533CE73CB55}.Release|Any CPU.ActiveCfg = Release|Any CPU
		{ACFDE255-F5DE-4958-938B-7533CE73CB55}.Release|Any CPU.Build.0 = Release|Any CPU
	EndGlobalSection
	GlobalSection(SolutionProperties) = preSolution
		HideSolutionNode = FALSE
	EndGlobalSection
	GlobalSection(ExtensibilityGlobals) = postSolution
		SolutionGuid = {EF56E9A2-081A-4608-B464-AF7749575CCC}
	EndGlobalSection
EndGlobal
